
Microsoft Visual Studio Solution File, Format Version 12.00
# Visual Studio Version 17
VisualStudioVersion = 17.14.36408.4 d17.14
MinimumVisualStudioVersion = 10.0.40219.1
Project("{FAE04EC0-301F-11D3-BF4B-00C04F79EFBC}") = "Memesbiblioteca", "Memesbiblioteca.csproj", "{400BD945-D73E-45E4-A7D2-4353CB6CDD6D}"
EndProject
Global
	GlobalSection(SolutionConfigurationPlatforms) = preSolution
		Debug|Any CPU = Debug|Any CPU
		Release|Any CPU = Release|Any CPU
	EndGlobalSection
	GlobalSection(ProjectConfigurationPlatforms) = postSolution
		{400BD945-D73E-45E4-A7D2-4353CB6CDD6D}.Debug|Any CPU.ActiveCfg = Debug|Any CPU
		{400BD945-D73E-45E4-A7D2-4353CB6CDD6D}.Debug|Any CPU.Build.0 = Debug|Any CPU
		{400BD945-D73E-45E4-A7D2-4353CB6CDD6D}.Release|Any CPU.ActiveCfg = Release|Any CPU
		{400BD945-D73E-45E4-A7D2-4353CB6CDD6D}.Release|Any CPU.Build.0 = Release|Any CPU
	EndGlobalSection
	GlobalSection(SolutionProperties) = preSolution
		HideSolutionNode = FALSE
	EndGlobalSection
	GlobalSection(ExtensibilityGlobals) = postSolution
		SolutionGuid = {0D98990B-EF76-498D-B460-FD47C8D2F0C0}
	EndGlobalSection
EndGlobal
